{
  "version": 4,
  "terraform_version": "1.1.9",
  "serial": 33,
  "lineage": "0f590b8b-780b-b6be-fbf3-62bb2d398762",
  "outputs": {
    "load_balancer_ip": {
      "value": "20.213.243.170",
      "type": "string"
    },
    "manager_ip": {
      "value": "20.213.243.73",
      "type": "string"
    }
  },
  "resources": [
    {
      "mode": "managed",
      "type": "azurerm_cosmosdb_account",
      "name": "db",
      "provider": "provider[\"registry.terraform.io/hashicorp/azurerm\"]",
      "instances": [
        {
          "schema_version": 0,
          "attributes": {
            "access_key_metadata_writes_enabled": true,
            "analytical_storage": [
              {
                "schema_type": "WellDefined"
              }
            ],
            "analytical_storage_enabled": false,
            "backup": [
              {
                "interval_in_minutes": 240,
                "retention_in_hours": 8,
                "storage_redundancy": "Geo",
                "type": "Periodic"
              }
            ],
            "capabilities": [
              {
                "name": "EnableCassandra"
              },
              {
                "name": "EnableServerless"
              }
            ],
            "capacity": [],
            "connection_strings": [
              "AccountEndpoint=https://nuwm-bd-student.documents.azure.com:443/;AccountKey=siaeXNBBPTU7oMA3un6rax5dOetnXhdgPl9oLjW0TwfXp5NboXS2UsZE0y7vmUDB0QQeaKEscdPDxxH98ZuBOw==;",
              "AccountEndpoint=https://nuwm-bd-student.documents.azure.com:443/;AccountKey=FAdhk0KsgXT3T2T8xneYxH14WpI84JIpkK7EHRCi2UVIBz5PkyfiKplscme4xrurSvTPzusJ3uCophKNHNsrEQ==;",
              "AccountEndpoint=https://nuwm-bd-student.documents.azure.com:443/;AccountKey=Qe4UhjRAWlRWBajJmR25stV6nVa0ds5lmOPqR6Ygel3xFTAlpSthnfN8VXtaXaDVqBx7toRG5E6kgUIyyiPJCQ==;",
              "AccountEndpoint=https://nuwm-bd-student.documents.azure.com:443/;AccountKey=grexxOLPFmiLdNU5MoOxNv5wp8jlt9ePBhAsPyNxNzz0o2t8AVgG12qnDt8EZQMiYvivo15WCxfkHUqzAe9y4w==;",
              "HostName=nuwm-bd-student.cassandra.cosmos.azure.com;Username=nuwm-bd-student;Password=siaeXNBBPTU7oMA3un6rax5dOetnXhdgPl9oLjW0TwfXp5NboXS2UsZE0y7vmUDB0QQeaKEscdPDxxH98ZuBOw==;Port=10350",
              "HostName=nuwm-bd-student.cassandra.cosmos.azure.com;Username=nuwm-bd-student;Password=FAdhk0KsgXT3T2T8xneYxH14WpI84JIpkK7EHRCi2UVIBz5PkyfiKplscme4xrurSvTPzusJ3uCophKNHNsrEQ==;Port=10350",
              "HostName=nuwm-bd-student.cassandra.cosmos.azure.com;Username=nuwm-bd-student;Password=Qe4UhjRAWlRWBajJmR25stV6nVa0ds5lmOPqR6Ygel3xFTAlpSthnfN8VXtaXaDVqBx7toRG5E6kgUIyyiPJCQ==;Port=10350",
              "HostName=nuwm-bd-student.cassandra.cosmos.azure.com;Username=nuwm-bd-student;Password=grexxOLPFmiLdNU5MoOxNv5wp8jlt9ePBhAsPyNxNzz0o2t8AVgG12qnDt8EZQMiYvivo15WCxfkHUqzAe9y4w==;Port=10350"
            ],
            "consistency_policy": [
              {
                "consistency_level": "BoundedStaleness",
                "max_interval_in_seconds": 300,
                "max_staleness_prefix": 100000
              }
            ],
            "cors_rule": [],
            "create_mode": "",
            "default_identity_type": "FirstPartyIdentity",
            "enable_automatic_failover": true,
            "enable_free_tier": false,
            "enable_multiple_write_locations": false,
            "endpoint": "https://nuwm-bd-student.documents.azure.com:443/",
            "geo_location": [
              {
                "failover_priority": 0,
                "id": "nuwm-bd-student-australiacentral",
                "location": "australiacentral",
                "zone_redundant": false
              }
            ],
            "id": "/subscriptions/f9bf6f1c-3e96-4c71-870b-74211270087e/resourceGroups/nuwm-cloud/providers/Microsoft.DocumentDB/databaseAccounts/nuwm-bd-student",
            "identity": [],
            "ip_range_filter": "",
            "is_virtual_network_filter_enabled": true,
            "key_vault_key_id": null,
            "kind": "GlobalDocumentDB",
            "local_authentication_disabled": false,
            "location": "australiacentral",
            "mongo_server_version": null,
            "name": "nuwm-bd-student",
            "network_acl_bypass_for_azure_services": false,
            "network_acl_bypass_ids": null,
            "offer_type": "Standard",
            "primary_key": "siaeXNBBPTU7oMA3un6rax5dOetnXhdgPl9oLjW0TwfXp5NboXS2UsZE0y7vmUDB0QQeaKEscdPDxxH98ZuBOw==",
            "primary_readonly_key": "Qe4UhjRAWlRWBajJmR25stV6nVa0ds5lmOPqR6Ygel3xFTAlpSthnfN8VXtaXaDVqBx7toRG5E6kgUIyyiPJCQ==",
            "public_network_access_enabled": true,
            "read_endpoints": [
              "https://nuwm-bd-student-australiacentral.documents.azure.com:443/"
            ],
            "resource_group_name": "nuwm-cloud",
            "restore": [],
            "secondary_key": "FAdhk0KsgXT3T2T8xneYxH14WpI84JIpkK7EHRCi2UVIBz5PkyfiKplscme4xrurSvTPzusJ3uCophKNHNsrEQ==",
            "secondary_readonly_key": "grexxOLPFmiLdNU5MoOxNv5wp8jlt9ePBhAsPyNxNzz0o2t8AVgG12qnDt8EZQMiYvivo15WCxfkHUqzAe9y4w==",
            "tags": null,
            "timeouts": null,
            "virtual_network_rule": [
              {
                "id": "/subscriptions/f9bf6f1c-3e96-4c71-870b-74211270087e/resourceGroups/nuwm-cloud/providers/Microsoft.Network/virtualNetworks/nuwm-network/subnets/vm-subnet",
                "ignore_missing_vnet_service_endpoint": false
              }
            ],
            "write_endpoints": [
              "https://nuwm-bd-student-australiacentral.documents.azure.com:443/"
            ]
          },
          "sensitive_attributes": [],
          "private": "eyJlMmJmYjczMC1lY2FhLTExZTYtOGY4OC0zNDM2M2JjN2M0YzAiOnsiY3JlYXRlIjoxMDgwMDAwMDAwMDAwMCwiZGVsZXRlIjoxMDgwMDAwMDAwMDAwMCwicmVhZCI6MzAwMDAwMDAwMDAwLCJ1cGRhdGUiOjEwODAwMDAwMDAwMDAwfX0=",
          "dependencies": [
            "azurerm_resource_group.nuwm-cloud",
            "azurerm_subnet.vm-subnet"
          ]
        }
      ]
    },
    {
      "mode": "managed",
      "type": "azurerm_lb",
      "name": "web-app-lb",
      "provider": "provider[\"registry.terraform.io/hashicorp/azurerm\"]",
      "instances": [
        {
          "schema_version": 0,
          "attributes": {
            "edge_zone": "",
            "frontend_ip_configuration": [
              {
                "gateway_load_balancer_frontend_ip_configuration_id": "",
                "id": "/subscriptions/f9bf6f1c-3e96-4c71-870b-74211270087e/resourceGroups/nuwm-cloud/providers/Microsoft.Network/loadBalancers/Web-app-LB/frontendIPConfigurations/primary",
                "inbound_nat_rules": [],
                "load_balancer_rules": [
                  "/subscriptions/f9bf6f1c-3e96-4c71-870b-74211270087e/resourceGroups/nuwm-cloud/providers/Microsoft.Network/loadBalancers/Web-app-LB/loadBalancingRules/HTTP"
                ],
                "name": "primary",
                "outbound_rules": [],
                "private_ip_address": "",
                "private_ip_address_allocation": "Dynamic",
                "private_ip_address_version": "",
                "public_ip_address_id": "/subscriptions/f9bf6f1c-3e96-4c71-870b-74211270087e/resourceGroups/nuwm-cloud/providers/Microsoft.Network/publicIPAddresses/lb-public",
                "public_ip_prefix_id": "",
                "subnet_id": "",
                "zones": []
              }
            ],
            "id": "/subscriptions/f9bf6f1c-3e96-4c71-870b-74211270087e/resourceGroups/nuwm-cloud/providers/Microsoft.Network/loadBalancers/Web-app-LB",
            "location": "australiacentral",
            "name": "Web-app-LB",
            "private_ip_address": "",
            "private_ip_addresses": [],
            "resource_group_name": "nuwm-cloud",
            "sku": "Standard",
            "sku_tier": "Regional",
            "tags": {},
            "timeouts": null
          },
          "sensitive_attributes": [],
          "private": "eyJlMmJmYjczMC1lY2FhLTExZTYtOGY4OC0zNDM2M2JjN2M0YzAiOnsiY3JlYXRlIjoxODAwMDAwMDAwMDAwLCJkZWxldGUiOjE4MDAwMDAwMDAwMDAsInJlYWQiOjMwMDAwMDAwMDAwMCwidXBkYXRlIjoxODAwMDAwMDAwMDAwfX0=",
          "dependencies": [
            "azurerm_linux_virtual_machine.savers",
            "azurerm_network_interface.saver-net-interface",
            "azurerm_public_ip.lb-public",
            "azurerm_resource_group.nuwm-cloud",
            "azurerm_subnet.vm-subnet",
            "azurerm_virtual_network.nuwm-cloud"
          ]
        }
      ]
    },
    {
      "mode": "managed",
      "type": "azurerm_lb_backend_address_pool",
      "name": "backend_pool",
      "provider": "provider[\"registry.terraform.io/hashicorp/azurerm\"]",
      "instances": [
        {
          "schema_version": 0,
          "attributes": {
            "backend_ip_configurations": [
              "/subscriptions/f9bf6f1c-3e96-4c71-870b-74211270087e/resourceGroups/nuwm-cloud/providers/Microsoft.Network/networkInterfaces/vm-net-interface-saver-0/ipConfigurations/internal"
            ],
            "id": "/subscriptions/f9bf6f1c-3e96-4c71-870b-74211270087e/resourceGroups/nuwm-cloud/providers/Microsoft.Network/loadBalancers/Web-app-LB/backendAddressPools/LB-backend_address_pool",
            "load_balancing_rules": [
              "/subscriptions/f9bf6f1c-3e96-4c71-870b-74211270087e/resourceGroups/nuwm-cloud/providers/Microsoft.Network/loadBalancers/Web-app-LB/loadBalancingRules/HTTP"
            ],
            "loadbalancer_id": "/subscriptions/f9bf6f1c-3e96-4c71-870b-74211270087e/resourceGroups/nuwm-cloud/providers/Microsoft.Network/loadBalancers/Web-app-LB",
            "name": "LB-backend_address_pool",
            "outbound_rules": [],
            "timeouts": null,
            "tunnel_interface": []
          },
          "sensitive_attributes": [],
          "private": "eyJlMmJmYjczMC1lY2FhLTExZTYtOGY4OC0zNDM2M2JjN2M0YzAiOnsiY3JlYXRlIjoxODAwMDAwMDAwMDAwLCJkZWxldGUiOjE4MDAwMDAwMDAwMDAsInJlYWQiOjMwMDAwMDAwMDAwMCwidXBkYXRlIjoxODAwMDAwMDAwMDAwfX0=",
          "dependencies": [
            "azurerm_lb.web-app-lb",
            "azurerm_linux_virtual_machine.savers",
            "azurerm_network_interface.saver-net-interface",
            "azurerm_public_ip.lb-public",
            "azurerm_resource_group.nuwm-cloud",
            "azurerm_subnet.vm-subnet",
            "azurerm_virtual_network.nuwm-cloud"
          ]
        }
      ]
    },
    {
      "mode": "managed",
      "type": "azurerm_lb_probe",
      "name": "http-probe",
      "provider": "provider[\"registry.terraform.io/hashicorp/azurerm\"]",
      "instances": [
        {
          "schema_version": 0,
          "attributes": {
            "id": "/subscriptions/f9bf6f1c-3e96-4c71-870b-74211270087e/resourceGroups/nuwm-cloud/providers/Microsoft.Network/loadBalancers/Web-app-LB/probes/http-running-probe",
            "interval_in_seconds": 15,
            "load_balancer_rules": [
              "/subscriptions/f9bf6f1c-3e96-4c71-870b-74211270087e/resourceGroups/nuwm-cloud/providers/Microsoft.Network/loadBalancers/Web-app-LB/loadBalancingRules/HTTP"
            ],
            "loadbalancer_id": "/subscriptions/f9bf6f1c-3e96-4c71-870b-74211270087e/resourceGroups/nuwm-cloud/providers/Microsoft.Network/loadBalancers/Web-app-LB",
            "name": "http-running-probe",
            "number_of_probes": 2,
            "port": 80,
            "protocol": "Tcp",
            "request_path": "",
            "timeouts": null
          },
          "sensitive_attributes": [],
          "private": "eyJlMmJmYjczMC1lY2FhLTExZTYtOGY4OC0zNDM2M2JjN2M0YzAiOnsiY3JlYXRlIjoxODAwMDAwMDAwMDAwLCJkZWxldGUiOjE4MDAwMDAwMDAwMDAsInJlYWQiOjMwMDAwMDAwMDAwMCwidXBkYXRlIjoxODAwMDAwMDAwMDAwfX0=",
          "dependencies": [
            "azurerm_lb.web-app-lb",
            "azurerm_linux_virtual_machine.savers",
            "azurerm_network_interface.saver-net-interface",
            "azurerm_public_ip.lb-public",
            "azurerm_resource_group.nuwm-cloud",
            "azurerm_subnet.vm-subnet",
            "azurerm_virtual_network.nuwm-cloud"
          ]
        }
      ]
    },
    {
      "mode": "managed",
      "type": "azurerm_lb_rule",
      "name": "http-rule",
      "provider": "provider[\"registry.terraform.io/hashicorp/azurerm\"]",
      "instances": [
        {
          "schema_version": 0,
          "attributes": {
            "backend_address_pool_ids": [
              "/subscriptions/f9bf6f1c-3e96-4c71-870b-74211270087e/resourceGroups/nuwm-cloud/providers/Microsoft.Network/loadBalancers/Web-app-LB/backendAddressPools/LB-backend_address_pool"
            ],
            "backend_port": 80,
            "disable_outbound_snat": false,
            "enable_floating_ip": false,
            "enable_tcp_reset": false,
            "frontend_ip_configuration_id": "/subscriptions/f9bf6f1c-3e96-4c71-870b-74211270087e/resourceGroups/nuwm-cloud/providers/Microsoft.Network/loadBalancers/Web-app-LB/frontendIPConfigurations/primary",
            "frontend_ip_configuration_name": "primary",
            "frontend_port": 80,
            "id": "/subscriptions/f9bf6f1c-3e96-4c71-870b-74211270087e/resourceGroups/nuwm-cloud/providers/Microsoft.Network/loadBalancers/Web-app-LB/loadBalancingRules/HTTP",
            "idle_timeout_in_minutes": 4,
            "load_distribution": "Default",
            "loadbalancer_id": "/subscriptions/f9bf6f1c-3e96-4c71-870b-74211270087e/resourceGroups/nuwm-cloud/providers/Microsoft.Network/loadBalancers/Web-app-LB",
            "name": "HTTP",
            "probe_id": "/subscriptions/f9bf6f1c-3e96-4c71-870b-74211270087e/resourceGroups/nuwm-cloud/providers/Microsoft.Network/loadBalancers/Web-app-LB/probes/http-running-probe",
            "protocol": "Tcp",
            "timeouts": null
          },
          "sensitive_attributes": [],
          "private": "eyJlMmJmYjczMC1lY2FhLTExZTYtOGY4OC0zNDM2M2JjN2M0YzAiOnsiY3JlYXRlIjoxODAwMDAwMDAwMDAwLCJkZWxldGUiOjE4MDAwMDAwMDAwMDAsInJlYWQiOjMwMDAwMDAwMDAwMCwidXBkYXRlIjoxODAwMDAwMDAwMDAwfX0=",
          "dependencies": [
            "azurerm_lb.web-app-lb",
            "azurerm_lb_backend_address_pool.backend_pool",
            "azurerm_lb_probe.http-probe",
            "azurerm_linux_virtual_machine.savers",
            "azurerm_network_interface.saver-net-interface",
            "azurerm_network_interface_backend_address_pool_association.savers",
            "azurerm_public_ip.lb-public",
            "azurerm_resource_group.nuwm-cloud",
            "azurerm_subnet.vm-subnet",
            "azurerm_virtual_network.nuwm-cloud"
          ]
        }
      ]
    },
    {
      "mode": "managed",
      "type": "azurerm_linux_virtual_machine",
      "name": "management",
      "provider": "provider[\"registry.terraform.io/hashicorp/azurerm\"]",
      "instances": [
        {
          "schema_version": 0,
          "attributes": {
            "additional_capabilities": [],
            "admin_password": "s1c2v3l4t5SS7",
            "admin_ssh_key": [],
            "admin_username": "mitsugi",
            "allow_extension_operations": true,
            "availability_set_id": "",
            "boot_diagnostics": [],
            "computer_name": "management",
            "custom_data": null,
            "dedicated_host_group_id": "",
            "dedicated_host_id": "",
            "disable_password_authentication": false,
            "edge_zone": "",
            "encryption_at_host_enabled": false,
            "eviction_policy": "",
            "extensions_time_budget": "PT1H30M",
            "id": "/subscriptions/f9bf6f1c-3e96-4c71-870b-74211270087e/resourceGroups/nuwm-cloud/providers/Microsoft.Compute/virtualMachines/management",
            "identity": [],
            "license_type": "",
            "location": "australiacentral",
            "max_bid_price": -1,
            "name": "management",
            "network_interface_ids": [
              "/subscriptions/f9bf6f1c-3e96-4c71-870b-74211270087e/resourceGroups/nuwm-cloud/providers/Microsoft.Network/networkInterfaces/vm-net-interface-pub"
            ],
            "os_disk": [
              {
                "caching": "ReadWrite",
                "diff_disk_settings": [],
                "disk_encryption_set_id": "",
                "disk_size_gb": 30,
                "name": "management_disk1_d622fc8fd5c2424a9acee41c2e12bf2a",
                "storage_account_type": "Standard_LRS",
                "write_accelerator_enabled": false
              }
            ],
            "patch_mode": "ImageDefault",
            "plan": [],
            "platform_fault_domain": -1,
            "priority": "Regular",
            "private_ip_address": "10.0.1.5",
            "private_ip_addresses": [
              "10.0.1.5"
            ],
            "provision_vm_agent": true,
            "proximity_placement_group_id": "",
            "public_ip_address": "20.213.243.73",
            "public_ip_addresses": [
              "20.213.243.73"
            ],
            "resource_group_name": "nuwm-cloud",
            "secret": [],
            "secure_boot_enabled": false,
            "size": "Standard_B1ls",
            "source_image_id": "",
            "source_image_reference": [
              {
                "offer": "UbuntuServer",
                "publisher": "Canonical",
                "sku": "18.04-LTS",
                "version": "latest"
              }
            ],
            "tags": {},
            "termination_notification": [],
            "timeouts": null,
            "user_data": "",
            "virtual_machine_id": "2427384c-676d-43ba-bae9-b250a8eeb5c3",
            "virtual_machine_scale_set_id": "",
            "vtpm_enabled": false,
            "zone": ""
          },
          "sensitive_attributes": [],
          "private": "eyJlMmJmYjczMC1lY2FhLTExZTYtOGY4OC0zNDM2M2JjN2M0YzAiOnsiY3JlYXRlIjoyNzAwMDAwMDAwMDAwLCJkZWxldGUiOjI3MDAwMDAwMDAwMDAsInJlYWQiOjMwMDAwMDAwMDAwMCwidXBkYXRlIjoyNzAwMDAwMDAwMDAwfX0=",
          "dependencies": [
            "azurerm_network_interface.vm-net-interface-pub",
            "azurerm_public_ip.vm-public",
            "azurerm_resource_group.nuwm-cloud",
            "azurerm_subnet.vm-subnet",
            "azurerm_virtual_network.nuwm-cloud"
          ]
        }
      ]
    },
    {
      "mode": "managed",
      "type": "azurerm_linux_virtual_machine",
      "name": "savers",
      "provider": "provider[\"registry.terraform.io/hashicorp/azurerm\"]",
      "instances": [
        {
          "index_key": 0,
          "schema_version": 0,
          "attributes": {
            "additional_capabilities": [],
            "admin_password": "s1c2v3l4t5SS7",
            "admin_ssh_key": [],
            "admin_username": "miriam",
            "allow_extension_operations": true,
            "availability_set_id": "",
            "boot_diagnostics": [],
            "computer_name": "saver-0",
            "custom_data": null,
            "dedicated_host_group_id": "",
            "dedicated_host_id": "",
            "disable_password_authentication": false,
            "edge_zone": "",
            "encryption_at_host_enabled": false,
            "eviction_policy": "",
            "extensions_time_budget": "PT1H30M",
            "id": "/subscriptions/f9bf6f1c-3e96-4c71-870b-74211270087e/resourceGroups/nuwm-cloud/providers/Microsoft.Compute/virtualMachines/saver-0",
            "identity": [],
            "license_type": "",
            "location": "australiacentral",
            "max_bid_price": -1,
            "name": "saver-0",
            "network_interface_ids": [
              "/subscriptions/f9bf6f1c-3e96-4c71-870b-74211270087e/resourceGroups/nuwm-cloud/providers/Microsoft.Network/networkInterfaces/vm-net-interface-saver-0"
            ],
            "os_disk": [
              {
                "caching": "ReadWrite",
                "diff_disk_settings": [],
                "disk_encryption_set_id": "",
                "disk_size_gb": 30,
                "name": "saver-0_OsDisk_1_13aaa536ecfe4ef18efb3d2bb652d38d",
                "storage_account_type": "Standard_LRS",
                "write_accelerator_enabled": false
              }
            ],
            "patch_mode": "ImageDefault",
            "plan": [],
            "platform_fault_domain": -1,
            "priority": "Regular",
            "private_ip_address": "10.0.1.7",
            "private_ip_addresses": [
              "10.0.1.7"
            ],
            "provision_vm_agent": true,
            "proximity_placement_group_id": "",
            "public_ip_address": "",
            "public_ip_addresses": [],
            "resource_group_name": "nuwm-cloud",
            "secret": [],
            "secure_boot_enabled": false,
            "size": "Standard_B1ls",
            "source_image_id": "",
            "source_image_reference": [
              {
                "offer": "UbuntuServer",
                "publisher": "Canonical",
                "sku": "18.04-LTS",
                "version": "latest"
              }
            ],
            "tags": {},
            "termination_notification": [],
            "timeouts": null,
            "user_data": "",
            "virtual_machine_id": "2d1c7690-ce17-4a4d-bded-ac6b8949003b",
            "virtual_machine_scale_set_id": "",
            "vtpm_enabled": false,
            "zone": ""
          },
          "sensitive_attributes": [],
          "private": "eyJlMmJmYjczMC1lY2FhLTExZTYtOGY4OC0zNDM2M2JjN2M0YzAiOnsiY3JlYXRlIjoyNzAwMDAwMDAwMDAwLCJkZWxldGUiOjI3MDAwMDAwMDAwMDAsInJlYWQiOjMwMDAwMDAwMDAwMCwidXBkYXRlIjoyNzAwMDAwMDAwMDAwfX0=",
          "dependencies": [
            "azurerm_network_interface.saver-net-interface",
            "azurerm_resource_group.nuwm-cloud",
            "azurerm_subnet.vm-subnet",
            "azurerm_virtual_network.nuwm-cloud"
          ]
        }
      ]
    },
    {
      "mode": "managed",
      "type": "azurerm_linux_virtual_machine",
      "name": "web",
      "provider": "provider[\"registry.terraform.io/hashicorp/azurerm\"]",
      "instances": [
        {
          "index_key": 0,
          "schema_version": 0,
          "attributes": {
            "additional_capabilities": [],
            "admin_password": "s1c2v3l4t5SS7",
            "admin_ssh_key": [],
            "admin_username": "miriam",
            "allow_extension_operations": true,
            "availability_set_id": "",
            "boot_diagnostics": [],
            "computer_name": "sensor-0",
            "custom_data": null,
            "dedicated_host_group_id": "",
            "dedicated_host_id": "",
            "disable_password_authentication": false,
            "edge_zone": "",
            "encryption_at_host_enabled": false,
            "eviction_policy": "",
            "extensions_time_budget": "PT1H30M",
            "id": "/subscriptions/f9bf6f1c-3e96-4c71-870b-74211270087e/resourceGroups/nuwm-cloud/providers/Microsoft.Compute/virtualMachines/sensor-0",
            "identity": [],
            "license_type": "",
            "location": "australiacentral",
            "max_bid_price": -1,
            "name": "sensor-0",
            "network_interface_ids": [
              "/subscriptions/f9bf6f1c-3e96-4c71-870b-74211270087e/resourceGroups/nuwm-cloud/providers/Microsoft.Network/networkInterfaces/vm-net-interface-sensor-0"
            ],
            "os_disk": [
              {
                "caching": "ReadWrite",
                "diff_disk_settings": [],
                "disk_encryption_set_id": "",
                "disk_size_gb": 30,
                "name": "sensor-0_disk1_836d110c48a94fcdbd4f3fa66ba5e5a6",
                "storage_account_type": "Standard_LRS",
                "write_accelerator_enabled": false
              }
            ],
            "patch_mode": "ImageDefault",
            "plan": [],
            "platform_fault_domain": -1,
            "priority": "Regular",
            "private_ip_address": "10.0.1.6",
            "private_ip_addresses": [
              "10.0.1.6"
            ],
            "provision_vm_agent": true,
            "proximity_placement_group_id": "",
            "public_ip_address": "",
            "public_ip_addresses": [],
            "resource_group_name": "nuwm-cloud",
            "secret": [],
            "secure_boot_enabled": false,
            "size": "Standard_B1ls",
            "source_image_id": "",
            "source_image_reference": [
              {
                "offer": "UbuntuServer",
                "publisher": "Canonical",
                "sku": "18.04-LTS",
                "version": "latest"
              }
            ],
            "tags": {},
            "termination_notification": [],
            "timeouts": null,
            "user_data": "",
            "virtual_machine_id": "4bc23d62-beac-45b1-aad2-948fdab917bb",
            "virtual_machine_scale_set_id": "",
            "vtpm_enabled": false,
            "zone": ""
          },
          "sensitive_attributes": [],
          "private": "eyJlMmJmYjczMC1lY2FhLTExZTYtOGY4OC0zNDM2M2JjN2M0YzAiOnsiY3JlYXRlIjoyNzAwMDAwMDAwMDAwLCJkZWxldGUiOjI3MDAwMDAwMDAwMDAsInJlYWQiOjMwMDAwMDAwMDAwMCwidXBkYXRlIjoyNzAwMDAwMDAwMDAwfX0=",
          "dependencies": [
            "azurerm_network_interface.sensor-net-interface",
            "azurerm_resource_group.nuwm-cloud",
            "azurerm_subnet.vm-subnet",
            "azurerm_virtual_network.nuwm-cloud"
          ]
        },
        {
          "index_key": 1,
          "schema_version": 0,
          "attributes": {
            "additional_capabilities": [],
            "admin_password": "s1c2v3l4t5SS7",
            "admin_ssh_key": [],
            "admin_username": "miriam",
            "allow_extension_operations": true,
            "availability_set_id": "",
            "boot_diagnostics": [],
            "computer_name": "sensor-1",
            "custom_data": null,
            "dedicated_host_group_id": "",
            "dedicated_host_id": "",
            "disable_password_authentication": false,
            "edge_zone": "",
            "encryption_at_host_enabled": false,
            "eviction_policy": "",
            "extensions_time_budget": "PT1H30M",
            "id": "/subscriptions/f9bf6f1c-3e96-4c71-870b-74211270087e/resourceGroups/nuwm-cloud/providers/Microsoft.Compute/virtualMachines/sensor-1",
            "identity": [],
            "license_type": "",
            "location": "australiacentral",
            "max_bid_price": -1,
            "name": "sensor-1",
            "network_interface_ids": [
              "/subscriptions/f9bf6f1c-3e96-4c71-870b-74211270087e/resourceGroups/nuwm-cloud/providers/Microsoft.Network/networkInterfaces/vm-net-interface-sensor-1"
            ],
            "os_disk": [
              {
                "caching": "ReadWrite",
                "diff_disk_settings": [],
                "disk_encryption_set_id": "",
                "disk_size_gb": 30,
                "name": "sensor-1_disk1_0c797268d81a45cf8ad6adb5819ad963",
                "storage_account_type": "Standard_LRS",
                "write_accelerator_enabled": false
              }
            ],
            "patch_mode": "ImageDefault",
            "plan": [],
            "platform_fault_domain": -1,
            "priority": "Regular",
            "private_ip_address": "10.0.1.4",
            "private_ip_addresses": [
              "10.0.1.4"
            ],
            "provision_vm_agent": true,
            "proximity_placement_group_id": "",
            "public_ip_address": "",
            "public_ip_addresses": [],
            "resource_group_name": "nuwm-cloud",
            "secret": [],
            "secure_boot_enabled": false,
            "size": "Standard_B1ls",
            "source_image_id": "",
            "source_image_reference": [
              {
                "offer": "UbuntuServer",
                "publisher": "Canonical",
                "sku": "18.04-LTS",
                "version": "latest"
              }
            ],
            "tags": {},
            "termination_notification": [],
            "timeouts": null,
            "user_data": "",
            "virtual_machine_id": "4868fb65-e4dc-476a-a0b8-30871481b081",
            "virtual_machine_scale_set_id": "",
            "vtpm_enabled": false,
            "zone": ""
          },
          "sensitive_attributes": [],
          "private": "eyJlMmJmYjczMC1lY2FhLTExZTYtOGY4OC0zNDM2M2JjN2M0YzAiOnsiY3JlYXRlIjoyNzAwMDAwMDAwMDAwLCJkZWxldGUiOjI3MDAwMDAwMDAwMDAsInJlYWQiOjMwMDAwMDAwMDAwMCwidXBkYXRlIjoyNzAwMDAwMDAwMDAwfX0=",
          "dependencies": [
            "azurerm_network_interface.sensor-net-interface",
            "azurerm_resource_group.nuwm-cloud",
            "azurerm_subnet.vm-subnet",
            "azurerm_virtual_network.nuwm-cloud"
          ]
        }
      ]
    },
    {
      "mode": "managed",
      "type": "azurerm_network_interface",
      "name": "saver-net-interface",
      "provider": "provider[\"registry.terraform.io/hashicorp/azurerm\"]",
      "instances": [
        {
          "index_key": 0,
          "schema_version": 0,
          "attributes": {
            "applied_dns_servers": [],
            "dns_servers": [],
            "edge_zone": "",
            "enable_accelerated_networking": false,
            "enable_ip_forwarding": false,
            "id": "/subscriptions/f9bf6f1c-3e96-4c71-870b-74211270087e/resourceGroups/nuwm-cloud/providers/Microsoft.Network/networkInterfaces/vm-net-interface-saver-0",
            "internal_dns_name_label": "",
            "internal_domain_name_suffix": "cfydwhbh0h1ulkcvv0hulad10g.cbrx.internal.cloudapp.net",
            "ip_configuration": [
              {
                "gateway_load_balancer_frontend_ip_configuration_id": "",
                "name": "internal",
                "primary": true,
                "private_ip_address": "10.0.1.7",
                "private_ip_address_allocation": "Dynamic",
                "private_ip_address_version": "IPv4",
                "public_ip_address_id": "",
                "subnet_id": "/subscriptions/f9bf6f1c-3e96-4c71-870b-74211270087e/resourceGroups/nuwm-cloud/providers/Microsoft.Network/virtualNetworks/nuwm-network/subnets/vm-subnet"
              }
            ],
            "location": "australiacentral",
            "mac_address": "00-0D-3A-8A-2D-95",
            "name": "vm-net-interface-saver-0",
            "private_ip_address": "10.0.1.7",
            "private_ip_addresses": [
              "10.0.1.7"
            ],
            "resource_group_name": "nuwm-cloud",
            "tags": {},
            "timeouts": null,
            "virtual_machine_id": "/subscriptions/f9bf6f1c-3e96-4c71-870b-74211270087e/resourceGroups/nuwm-cloud/providers/Microsoft.Compute/virtualMachines/saver-0"
          },
          "sensitive_attributes": [],
          "private": "eyJlMmJmYjczMC1lY2FhLTExZTYtOGY4OC0zNDM2M2JjN2M0YzAiOnsiY3JlYXRlIjoxODAwMDAwMDAwMDAwLCJkZWxldGUiOjE4MDAwMDAwMDAwMDAsInJlYWQiOjMwMDAwMDAwMDAwMCwidXBkYXRlIjoxODAwMDAwMDAwMDAwfX0=",
          "dependencies": [
            "azurerm_resource_group.nuwm-cloud",
            "azurerm_subnet.vm-subnet",
            "azurerm_virtual_network.nuwm-cloud"
          ]
        }
      ]
    },
    {
      "mode": "managed",
      "type": "azurerm_network_interface",
      "name": "sensor-net-interface",
      "provider": "provider[\"registry.terraform.io/hashicorp/azurerm\"]",
      "instances": [
        {
          "index_key": 0,
          "schema_version": 0,
          "attributes": {
            "applied_dns_servers": [],
            "dns_servers": [],
            "edge_zone": "",
            "enable_accelerated_networking": false,
            "enable_ip_forwarding": false,
            "id": "/subscriptions/f9bf6f1c-3e96-4c71-870b-74211270087e/resourceGroups/nuwm-cloud/providers/Microsoft.Network/networkInterfaces/vm-net-interface-sensor-0",
            "internal_dns_name_label": "",
            "internal_domain_name_suffix": "cfydwhbh0h1ulkcvv0hulad10g.cbrx.internal.cloudapp.net",
            "ip_configuration": [
              {
                "gateway_load_balancer_frontend_ip_configuration_id": "",
                "name": "internal",
                "primary": true,
                "private_ip_address": "10.0.1.6",
                "private_ip_address_allocation": "Dynamic",
                "private_ip_address_version": "IPv4",
                "public_ip_address_id": "",
                "subnet_id": "/subscriptions/f9bf6f1c-3e96-4c71-870b-74211270087e/resourceGroups/nuwm-cloud/providers/Microsoft.Network/virtualNetworks/nuwm-network/subnets/vm-subnet"
              }
            ],
            "location": "australiacentral",
            "mac_address": "00-0D-3A-CC-7F-BE",
            "name": "vm-net-interface-sensor-0",
            "private_ip_address": "10.0.1.6",
            "private_ip_addresses": [
              "10.0.1.6"
            ],
            "resource_group_name": "nuwm-cloud",
            "tags": {},
            "timeouts": null,
            "virtual_machine_id": "/subscriptions/f9bf6f1c-3e96-4c71-870b-74211270087e/resourceGroups/nuwm-cloud/providers/Microsoft.Compute/virtualMachines/sensor-0"
          },
          "sensitive_attributes": [],
          "private": "eyJlMmJmYjczMC1lY2FhLTExZTYtOGY4OC0zNDM2M2JjN2M0YzAiOnsiY3JlYXRlIjoxODAwMDAwMDAwMDAwLCJkZWxldGUiOjE4MDAwMDAwMDAwMDAsInJlYWQiOjMwMDAwMDAwMDAwMCwidXBkYXRlIjoxODAwMDAwMDAwMDAwfX0=",
          "dependencies": [
            "azurerm_resource_group.nuwm-cloud",
            "azurerm_subnet.vm-subnet",
            "azurerm_virtual_network.nuwm-cloud"
          ]
        },
        {
          "index_key": 1,
          "schema_version": 0,
          "attributes": {
            "applied_dns_servers": [],
            "dns_servers": [],
            "edge_zone": "",
            "enable_accelerated_networking": false,
            "enable_ip_forwarding": false,
            "id": "/subscriptions/f9bf6f1c-3e96-4c71-870b-74211270087e/resourceGroups/nuwm-cloud/providers/Microsoft.Network/networkInterfaces/vm-net-interface-sensor-1",
            "internal_dns_name_label": "",
            "internal_domain_name_suffix": "cfydwhbh0h1ulkcvv0hulad10g.cbrx.internal.cloudapp.net",
            "ip_configuration": [
              {
                "gateway_load_balancer_frontend_ip_configuration_id": "",
                "name": "internal",
                "primary": true,
                "private_ip_address": "10.0.1.4",
                "private_ip_address_allocation": "Dynamic",
                "private_ip_address_version": "IPv4",
                "public_ip_address_id": "",
                "subnet_id": "/subscriptions/f9bf6f1c-3e96-4c71-870b-74211270087e/resourceGroups/nuwm-cloud/providers/Microsoft.Network/virtualNetworks/nuwm-network/subnets/vm-subnet"
              }
            ],
            "location": "australiacentral",
            "mac_address": "00-0D-3A-95-CF-A0",
            "name": "vm-net-interface-sensor-1",
            "private_ip_address": "10.0.1.4",
            "private_ip_addresses": [
              "10.0.1.4"
            ],
            "resource_group_name": "nuwm-cloud",
            "tags": {},
            "timeouts": null,
            "virtual_machine_id": "/subscriptions/f9bf6f1c-3e96-4c71-870b-74211270087e/resourceGroups/nuwm-cloud/providers/Microsoft.Compute/virtualMachines/sensor-1"
          },
          "sensitive_attributes": [],
          "private": "eyJlMmJmYjczMC1lY2FhLTExZTYtOGY4OC0zNDM2M2JjN2M0YzAiOnsiY3JlYXRlIjoxODAwMDAwMDAwMDAwLCJkZWxldGUiOjE4MDAwMDAwMDAwMDAsInJlYWQiOjMwMDAwMDAwMDAwMCwidXBkYXRlIjoxODAwMDAwMDAwMDAwfX0=",
          "dependencies": [
            "azurerm_resource_group.nuwm-cloud",
            "azurerm_subnet.vm-subnet",
            "azurerm_virtual_network.nuwm-cloud"
          ]
        }
      ]
    },
    {
      "mode": "managed",
      "type": "azurerm_network_interface",
      "name": "vm-net-interface-pub",
      "provider": "provider[\"registry.terraform.io/hashicorp/azurerm\"]",
      "instances": [
        {
          "schema_version": 0,
          "attributes": {
            "applied_dns_servers": [],
            "dns_servers": [],
            "edge_zone": "",
            "enable_accelerated_networking": false,
            "enable_ip_forwarding": false,
            "id": "/subscriptions/f9bf6f1c-3e96-4c71-870b-74211270087e/resourceGroups/nuwm-cloud/providers/Microsoft.Network/networkInterfaces/vm-net-interface-pub",
            "internal_dns_name_label": "",
            "internal_domain_name_suffix": "cfydwhbh0h1ulkcvv0hulad10g.cbrx.internal.cloudapp.net",
            "ip_configuration": [
              {
                "gateway_load_balancer_frontend_ip_configuration_id": "",
                "name": "public",
                "primary": true,
                "private_ip_address": "10.0.1.5",
                "private_ip_address_allocation": "Dynamic",
                "private_ip_address_version": "IPv4",
                "public_ip_address_id": "/subscriptions/f9bf6f1c-3e96-4c71-870b-74211270087e/resourceGroups/nuwm-cloud/providers/Microsoft.Network/publicIPAddresses/vm-public",
                "subnet_id": "/subscriptions/f9bf6f1c-3e96-4c71-870b-74211270087e/resourceGroups/nuwm-cloud/providers/Microsoft.Network/virtualNetworks/nuwm-network/subnets/vm-subnet"
              }
            ],
            "location": "australiacentral",
            "mac_address": "00-0D-3A-8A-22-8B",
            "name": "vm-net-interface-pub",
            "private_ip_address": "10.0.1.5",
            "private_ip_addresses": [
              "10.0.1.5"
            ],
            "resource_group_name": "nuwm-cloud",
            "tags": {},
            "timeouts": null,
            "virtual_machine_id": "/subscriptions/f9bf6f1c-3e96-4c71-870b-74211270087e/resourceGroups/nuwm-cloud/providers/Microsoft.Compute/virtualMachines/management"
          },
          "sensitive_attributes": [],
          "private": "eyJlMmJmYjczMC1lY2FhLTExZTYtOGY4OC0zNDM2M2JjN2M0YzAiOnsiY3JlYXRlIjoxODAwMDAwMDAwMDAwLCJkZWxldGUiOjE4MDAwMDAwMDAwMDAsInJlYWQiOjMwMDAwMDAwMDAwMCwidXBkYXRlIjoxODAwMDAwMDAwMDAwfX0=",
          "dependencies": [
            "azurerm_public_ip.vm-public",
            "azurerm_resource_group.nuwm-cloud",
            "azurerm_subnet.vm-subnet",
            "azurerm_virtual_network.nuwm-cloud"
          ]
        }
      ]
    },
    {
      "mode": "managed",
      "type": "azurerm_network_interface_backend_address_pool_association",
      "name": "savers",
      "provider": "provider[\"registry.terraform.io/hashicorp/azurerm\"]",
      "instances": [
        {
          "index_key": 0,
          "schema_version": 0,
          "attributes": {
            "backend_address_pool_id": "/subscriptions/f9bf6f1c-3e96-4c71-870b-74211270087e/resourceGroups/nuwm-cloud/providers/Microsoft.Network/loadBalancers/Web-app-LB/backendAddressPools/LB-backend_address_pool",
            "id": "/subscriptions/f9bf6f1c-3e96-4c71-870b-74211270087e/resourceGroups/nuwm-cloud/providers/Microsoft.Network/networkInterfaces/vm-net-interface-saver-0/ipConfigurations/internal|/subscriptions/f9bf6f1c-3e96-4c71-870b-74211270087e/resourceGroups/nuwm-cloud/providers/Microsoft.Network/loadBalancers/Web-app-LB/backendAddressPools/LB-backend_address_pool",
            "ip_configuration_name": "internal",
            "network_interface_id": "/subscriptions/f9bf6f1c-3e96-4c71-870b-74211270087e/resourceGroups/nuwm-cloud/providers/Microsoft.Network/networkInterfaces/vm-net-interface-saver-0",
            "timeouts": null
          },
          "sensitive_attributes": [],
          "private": "eyJlMmJmYjczMC1lY2FhLTExZTYtOGY4OC0zNDM2M2JjN2M0YzAiOnsiY3JlYXRlIjoxODAwMDAwMDAwMDAwLCJkZWxldGUiOjE4MDAwMDAwMDAwMDAsInJlYWQiOjMwMDAwMDAwMDAwMCwidXBkYXRlIjoxODAwMDAwMDAwMDAwfX0=",
          "dependencies": [
            "azurerm_lb.web-app-lb",
            "azurerm_lb_backend_address_pool.backend_pool",
            "azurerm_linux_virtual_machine.savers",
            "azurerm_network_interface.saver-net-interface",
            "azurerm_public_ip.lb-public",
            "azurerm_resource_group.nuwm-cloud",
            "azurerm_subnet.vm-subnet",
            "azurerm_virtual_network.nuwm-cloud"
          ]
        }
      ]
    },
    {
      "mode": "managed",
      "type": "azurerm_network_interface_security_group_association",
      "name": "savers-security-private",
      "provider": "provider[\"registry.terraform.io/hashicorp/azurerm\"]",
      "instances": [
        {
          "index_key": 0,
          "schema_version": 0,
          "attributes": {
            "id": "/subscriptions/f9bf6f1c-3e96-4c71-870b-74211270087e/resourceGroups/nuwm-cloud/providers/Microsoft.Network/networkInterfaces/vm-net-interface-saver-0|/subscriptions/f9bf6f1c-3e96-4c71-870b-74211270087e/resourceGroups/nuwm-cloud/providers/Microsoft.Network/networkSecurityGroups/nuwm-security-group-http",
            "network_interface_id": "/subscriptions/f9bf6f1c-3e96-4c71-870b-74211270087e/resourceGroups/nuwm-cloud/providers/Microsoft.Network/networkInterfaces/vm-net-interface-saver-0",
            "network_security_group_id": "/subscriptions/f9bf6f1c-3e96-4c71-870b-74211270087e/resourceGroups/nuwm-cloud/providers/Microsoft.Network/networkSecurityGroups/nuwm-security-group-http",
            "timeouts": null
          },
          "sensitive_attributes": [],
          "private": "eyJlMmJmYjczMC1lY2FhLTExZTYtOGY4OC0zNDM2M2JjN2M0YzAiOnsiY3JlYXRlIjoxODAwMDAwMDAwMDAwLCJkZWxldGUiOjE4MDAwMDAwMDAwMDAsInJlYWQiOjMwMDAwMDAwMDAwMCwidXBkYXRlIjoxODAwMDAwMDAwMDAwfX0=",
          "dependencies": [
            "azurerm_network_interface.saver-net-interface",
            "azurerm_network_security_group.nuwm-cloud-security-savers",
            "azurerm_resource_group.nuwm-cloud",
            "azurerm_subnet.vm-subnet",
            "azurerm_virtual_network.nuwm-cloud"
          ]
        }
      ]
    },
    {
      "mode": "managed",
      "type": "azurerm_network_interface_security_group_association",
      "name": "security-pub",
      "provider": "provider[\"registry.terraform.io/hashicorp/azurerm\"]",
      "instances": [
        {
          "schema_version": 0,
          "attributes": {
            "id": "/subscriptions/f9bf6f1c-3e96-4c71-870b-74211270087e/resourceGroups/nuwm-cloud/providers/Microsoft.Network/networkInterfaces/vm-net-interface-pub|/subscriptions/f9bf6f1c-3e96-4c71-870b-74211270087e/resourceGroups/nuwm-cloud/providers/Microsoft.Network/networkSecurityGroups/nuwm-security-group-public",
            "network_interface_id": "/subscriptions/f9bf6f1c-3e96-4c71-870b-74211270087e/resourceGroups/nuwm-cloud/providers/Microsoft.Network/networkInterfaces/vm-net-interface-pub",
            "network_security_group_id": "/subscriptions/f9bf6f1c-3e96-4c71-870b-74211270087e/resourceGroups/nuwm-cloud/providers/Microsoft.Network/networkSecurityGroups/nuwm-security-group-public",
            "timeouts": null
          },
          "sensitive_attributes": [],
          "private": "eyJlMmJmYjczMC1lY2FhLTExZTYtOGY4OC0zNDM2M2JjN2M0YzAiOnsiY3JlYXRlIjoxODAwMDAwMDAwMDAwLCJkZWxldGUiOjE4MDAwMDAwMDAwMDAsInJlYWQiOjMwMDAwMDAwMDAwMCwidXBkYXRlIjoxODAwMDAwMDAwMDAwfX0=",
          "dependencies": [
            "azurerm_network_interface.vm-net-interface-pub",
            "azurerm_network_security_group.nuwm-cloud-security-public",
            "azurerm_public_ip.vm-public",
            "azurerm_resource_group.nuwm-cloud",
            "azurerm_subnet.vm-subnet",
            "azurerm_virtual_network.nuwm-cloud"
          ]
        }
      ]
    },
    {
      "mode": "managed",
      "type": "azurerm_network_security_group",
      "name": "nuwm-cloud-security-public",
      "provider": "provider[\"registry.terraform.io/hashicorp/azurerm\"]",
      "instances": [
        {
          "schema_version": 0,
          "attributes": {
            "id": "/subscriptions/f9bf6f1c-3e96-4c71-870b-74211270087e/resourceGroups/nuwm-cloud/providers/Microsoft.Network/networkSecurityGroups/nuwm-security-group-public",
            "location": "australiacentral",
            "name": "nuwm-security-group-public",
            "resource_group_name": "nuwm-cloud",
            "security_rule": [
              {
                "access": "Allow",
                "description": "",
                "destination_address_prefix": "*",
                "destination_address_prefixes": [],
                "destination_application_security_group_ids": [],
                "destination_port_range": "*",
                "destination_port_ranges": [],
                "direction": "Inbound",
                "name": "allow-ping",
                "priority": 100,
                "protocol": "Icmp",
                "source_address_prefix": "*",
                "source_address_prefixes": [],
                "source_application_security_group_ids": [],
                "source_port_range": "*",
                "source_port_ranges": []
              },
              {
                "access": "Allow",
                "description": "",
                "destination_address_prefix": "*",
                "destination_address_prefixes": [],
                "destination_application_security_group_ids": [],
                "destination_port_range": "22",
                "destination_port_ranges": [],
                "direction": "Inbound",
                "name": "allow-ssh",
                "priority": 110,
                "protocol": "Tcp",
                "source_address_prefix": "*",
                "source_address_prefixes": [],
                "source_application_security_group_ids": [],
                "source_port_range": "*",
                "source_port_ranges": []
              }
            ],
            "tags": {},
            "timeouts": null
          },
          "sensitive_attributes": [],
          "private": "eyJlMmJmYjczMC1lY2FhLTExZTYtOGY4OC0zNDM2M2JjN2M0YzAiOnsiY3JlYXRlIjoxODAwMDAwMDAwMDAwLCJkZWxldGUiOjE4MDAwMDAwMDAwMDAsInJlYWQiOjMwMDAwMDAwMDAwMCwidXBkYXRlIjoxODAwMDAwMDAwMDAwfX0=",
          "dependencies": [
            "azurerm_resource_group.nuwm-cloud"
          ]
        }
      ]
    },
    {
      "mode": "managed",
      "type": "azurerm_network_security_group",
      "name": "nuwm-cloud-security-savers",
      "provider": "provider[\"registry.terraform.io/hashicorp/azurerm\"]",
      "instances": [
        {
          "schema_version": 0,
          "attributes": {
            "id": "/subscriptions/f9bf6f1c-3e96-4c71-870b-74211270087e/resourceGroups/nuwm-cloud/providers/Microsoft.Network/networkSecurityGroups/nuwm-security-group-http",
            "location": "australiacentral",
            "name": "nuwm-security-group-http",
            "resource_group_name": "nuwm-cloud",
            "security_rule": [
              {
                "access": "Allow",
                "description": "",
                "destination_address_prefix": "*",
                "destination_address_prefixes": [],
                "destination_application_security_group_ids": [],
                "destination_port_range": "80",
                "destination_port_ranges": [],
                "direction": "Inbound",
                "name": "allow-http",
                "priority": 100,
                "protocol": "Tcp",
                "source_address_prefix": "*",
                "source_address_prefixes": [],
                "source_application_security_group_ids": [],
                "source_port_range": "*",
                "source_port_ranges": []
              }
            ],
            "tags": {},
            "timeouts": null
          },
          "sensitive_attributes": [],
          "private": "eyJlMmJmYjczMC1lY2FhLTExZTYtOGY4OC0zNDM2M2JjN2M0YzAiOnsiY3JlYXRlIjoxODAwMDAwMDAwMDAwLCJkZWxldGUiOjE4MDAwMDAwMDAwMDAsInJlYWQiOjMwMDAwMDAwMDAwMCwidXBkYXRlIjoxODAwMDAwMDAwMDAwfX0=",
          "dependencies": [
            "azurerm_resource_group.nuwm-cloud"
          ]
        }
      ]
    },
    {
      "mode": "managed",
      "type": "azurerm_network_security_rule",
      "name": "allow-http",
      "provider": "provider[\"registry.terraform.io/hashicorp/azurerm\"]",
      "instances": [
        {
          "schema_version": 0,
          "attributes": {
            "access": "Allow",
            "description": "",
            "destination_address_prefix": "*",
            "destination_address_prefixes": [],
            "destination_application_security_group_ids": [],
            "destination_port_range": "80",
            "destination_port_ranges": [],
            "direction": "Inbound",
            "id": "/subscriptions/f9bf6f1c-3e96-4c71-870b-74211270087e/resourceGroups/nuwm-cloud/providers/Microsoft.Network/networkSecurityGroups/nuwm-security-group-http/securityRules/allow-http",
            "name": "allow-http",
            "network_security_group_name": "nuwm-security-group-http",
            "priority": 100,
            "protocol": "Tcp",
            "resource_group_name": "nuwm-cloud",
            "source_address_prefix": "*",
            "source_address_prefixes": [],
            "source_application_security_group_ids": [],
            "source_port_range": "*",
            "source_port_ranges": [],
            "timeouts": null
          },
          "sensitive_attributes": [],
          "private": "eyJlMmJmYjczMC1lY2FhLTExZTYtOGY4OC0zNDM2M2JjN2M0YzAiOnsiY3JlYXRlIjoxODAwMDAwMDAwMDAwLCJkZWxldGUiOjE4MDAwMDAwMDAwMDAsInJlYWQiOjMwMDAwMDAwMDAwMCwidXBkYXRlIjoxODAwMDAwMDAwMDAwfX0=",
          "dependencies": [
            "azurerm_network_security_group.nuwm-cloud-security-savers",
            "azurerm_resource_group.nuwm-cloud"
          ]
        }
      ]
    },
    {
      "mode": "managed",
      "type": "azurerm_network_security_rule",
      "name": "allow-ping",
      "provider": "provider[\"registry.terraform.io/hashicorp/azurerm\"]",
      "instances": [
        {
          "schema_version": 0,
          "attributes": {
            "access": "Allow",
            "description": "",
            "destination_address_prefix": "*",
            "destination_address_prefixes": [],
            "destination_application_security_group_ids": [],
            "destination_port_range": "*",
            "destination_port_ranges": [],
            "direction": "Inbound",
            "id": "/subscriptions/f9bf6f1c-3e96-4c71-870b-74211270087e/resourceGroups/nuwm-cloud/providers/Microsoft.Network/networkSecurityGroups/nuwm-security-group-public/securityRules/allow-ping",
            "name": "allow-ping",
            "network_security_group_name": "nuwm-security-group-public",
            "priority": 100,
            "protocol": "Icmp",
            "resource_group_name": "nuwm-cloud",
            "source_address_prefix": "*",
            "source_address_prefixes": [],
            "source_application_security_group_ids": [],
            "source_port_range": "*",
            "source_port_ranges": [],
            "timeouts": null
          },
          "sensitive_attributes": [],
          "private": "eyJlMmJmYjczMC1lY2FhLTExZTYtOGY4OC0zNDM2M2JjN2M0YzAiOnsiY3JlYXRlIjoxODAwMDAwMDAwMDAwLCJkZWxldGUiOjE4MDAwMDAwMDAwMDAsInJlYWQiOjMwMDAwMDAwMDAwMCwidXBkYXRlIjoxODAwMDAwMDAwMDAwfX0=",
          "dependencies": [
            "azurerm_network_security_group.nuwm-cloud-security-public",
            "azurerm_resource_group.nuwm-cloud"
          ]
        }
      ]
    },
    {
      "mode": "managed",
      "type": "azurerm_network_security_rule",
      "name": "allow-ssh",
      "provider": "provider[\"registry.terraform.io/hashicorp/azurerm\"]",
      "instances": [
        {
          "schema_version": 0,
          "attributes": {
            "access": "Allow",
            "description": "",
            "destination_address_prefix": "*",
            "destination_address_prefixes": [],
            "destination_application_security_group_ids": [],
            "destination_port_range": "22",
            "destination_port_ranges": [],
            "direction": "Inbound",
            "id": "/subscriptions/f9bf6f1c-3e96-4c71-870b-74211270087e/resourceGroups/nuwm-cloud/providers/Microsoft.Network/networkSecurityGroups/nuwm-security-group-public/securityRules/allow-ssh",
            "name": "allow-ssh",
            "network_security_group_name": "nuwm-security-group-public",
            "priority": 110,
            "protocol": "Tcp",
            "resource_group_name": "nuwm-cloud",
            "source_address_prefix": "*",
            "source_address_prefixes": [],
            "source_application_security_group_ids": [],
            "source_port_range": "*",
            "source_port_ranges": [],
            "timeouts": null
          },
          "sensitive_attributes": [],
          "private": "eyJlMmJmYjczMC1lY2FhLTExZTYtOGY4OC0zNDM2M2JjN2M0YzAiOnsiY3JlYXRlIjoxODAwMDAwMDAwMDAwLCJkZWxldGUiOjE4MDAwMDAwMDAwMDAsInJlYWQiOjMwMDAwMDAwMDAwMCwidXBkYXRlIjoxODAwMDAwMDAwMDAwfX0=",
          "dependencies": [
            "azurerm_network_security_group.nuwm-cloud-security-public",
            "azurerm_resource_group.nuwm-cloud"
          ]
        }
      ]
    },
    {
      "mode": "managed",
      "type": "azurerm_public_ip",
      "name": "lb-public",
      "provider": "provider[\"registry.terraform.io/hashicorp/azurerm\"]",
      "instances": [
        {
          "schema_version": 0,
          "attributes": {
            "allocation_method": "Static",
            "domain_name_label": null,
            "edge_zone": "",
            "fqdn": null,
            "id": "/subscriptions/f9bf6f1c-3e96-4c71-870b-74211270087e/resourceGroups/nuwm-cloud/providers/Microsoft.Network/publicIPAddresses/lb-public",
            "idle_timeout_in_minutes": 4,
            "ip_address": "20.213.243.170",
            "ip_tags": {},
            "ip_version": "IPv4",
            "location": "australiacentral",
            "name": "lb-public",
            "public_ip_prefix_id": null,
            "resource_group_name": "nuwm-cloud",
            "reverse_fqdn": null,
            "sku": "Standard",
            "sku_tier": "Regional",
            "tags": {},
            "timeouts": null,
            "zones": []
          },
          "sensitive_attributes": [],
          "private": "eyJlMmJmYjczMC1lY2FhLTExZTYtOGY4OC0zNDM2M2JjN2M0YzAiOnsiY3JlYXRlIjoxODAwMDAwMDAwMDAwLCJkZWxldGUiOjE4MDAwMDAwMDAwMDAsInJlYWQiOjMwMDAwMDAwMDAwMCwidXBkYXRlIjoxODAwMDAwMDAwMDAwfX0=",
          "dependencies": [
            "azurerm_resource_group.nuwm-cloud"
          ]
        }
      ]
    },
    {
      "mode": "managed",
      "type": "azurerm_public_ip",
      "name": "vm-public",
      "provider": "provider[\"registry.terraform.io/hashicorp/azurerm\"]",
      "instances": [
        {
          "schema_version": 0,
          "attributes": {
            "allocation_method": "Static",
            "domain_name_label": null,
            "edge_zone": "",
            "fqdn": null,
            "id": "/subscriptions/f9bf6f1c-3e96-4c71-870b-74211270087e/resourceGroups/nuwm-cloud/providers/Microsoft.Network/publicIPAddresses/vm-public",
            "idle_timeout_in_minutes": 4,
            "ip_address": "20.213.243.73",
            "ip_tags": {},
            "ip_version": "IPv4",
            "location": "australiacentral",
            "name": "vm-public",
            "public_ip_prefix_id": null,
            "resource_group_name": "nuwm-cloud",
            "reverse_fqdn": null,
            "sku": "Standard",
            "sku_tier": "Regional",
            "tags": {},
            "timeouts": null,
            "zones": []
          },
          "sensitive_attributes": [],
          "private": "eyJlMmJmYjczMC1lY2FhLTExZTYtOGY4OC0zNDM2M2JjN2M0YzAiOnsiY3JlYXRlIjoxODAwMDAwMDAwMDAwLCJkZWxldGUiOjE4MDAwMDAwMDAwMDAsInJlYWQiOjMwMDAwMDAwMDAwMCwidXBkYXRlIjoxODAwMDAwMDAwMDAwfX0=",
          "dependencies": [
            "azurerm_resource_group.nuwm-cloud"
          ]
        }
      ]
    },
    {
      "mode": "managed",
      "type": "azurerm_resource_group",
      "name": "nuwm-cloud",
      "provider": "provider[\"registry.terraform.io/hashicorp/azurerm\"]",
      "instances": [
        {
          "schema_version": 0,
          "attributes": {
            "id": "/subscriptions/f9bf6f1c-3e96-4c71-870b-74211270087e/resourceGroups/nuwm-cloud",
            "location": "australiacentral",
            "name": "nuwm-cloud",
            "tags": {},
            "timeouts": null
          },
          "sensitive_attributes": [],
          "private": "eyJlMmJmYjczMC1lY2FhLTExZTYtOGY4OC0zNDM2M2JjN2M0YzAiOnsiY3JlYXRlIjo1NDAwMDAwMDAwMDAwLCJkZWxldGUiOjU0MDAwMDAwMDAwMDAsInJlYWQiOjMwMDAwMDAwMDAwMCwidXBkYXRlIjo1NDAwMDAwMDAwMDAwfX0="
        }
      ]
    },
    {
      "mode": "managed",
      "type": "azurerm_subnet",
      "name": "vm-subnet",
      "provider": "provider[\"registry.terraform.io/hashicorp/azurerm\"]",
      "instances": [
        {
          "schema_version": 0,
          "attributes": {
            "address_prefixes": [
              "10.0.1.0/24"
            ],
            "delegation": [],
            "enforce_private_link_endpoint_network_policies": false,
            "enforce_private_link_service_network_policies": false,
            "id": "/subscriptions/f9bf6f1c-3e96-4c71-870b-74211270087e/resourceGroups/nuwm-cloud/providers/Microsoft.Network/virtualNetworks/nuwm-network/subnets/vm-subnet",
            "name": "vm-subnet",
            "resource_group_name": "nuwm-cloud",
            "service_endpoint_policy_ids": [],
            "service_endpoints": [
              "Microsoft.AzureCosmosDB"
            ],
            "timeouts": null,
            "virtual_network_name": "nuwm-network"
          },
          "sensitive_attributes": [],
          "private": "eyJlMmJmYjczMC1lY2FhLTExZTYtOGY4OC0zNDM2M2JjN2M0YzAiOnsiY3JlYXRlIjoxODAwMDAwMDAwMDAwLCJkZWxldGUiOjE4MDAwMDAwMDAwMDAsInJlYWQiOjMwMDAwMDAwMDAwMCwidXBkYXRlIjoxODAwMDAwMDAwMDAwfX0=",
          "dependencies": [
            "azurerm_resource_group.nuwm-cloud",
            "azurerm_virtual_network.nuwm-cloud"
          ]
        }
      ]
    },
    {
      "mode": "managed",
      "type": "azurerm_virtual_machine_extension",
      "name": "install-ansible",
      "provider": "provider[\"registry.terraform.io/hashicorp/azurerm\"]",
      "instances": [
        {
          "schema_version": 0,
          "attributes": {
            "auto_upgrade_minor_version": false,
            "automatic_upgrade_enabled": false,
            "id": "/subscriptions/f9bf6f1c-3e96-4c71-870b-74211270087e/resourceGroups/nuwm-cloud/providers/Microsoft.Compute/virtualMachines/management/extensions/install-ansible",
            "name": "install-ansible",
            "protected_settings": null,
            "publisher": "Microsoft.Azure.Extensions",
            "settings": "{\"commandToExecute\":\"sudo apt update \\u0026\\u0026 sudo apt install -y software-properties-common \\u0026\\u0026 sudo add-apt-repository --yes --update ppa:ansible/ansible \\u0026\\u0026 sudo apt install ansible -y\"}",
            "tags": {},
            "timeouts": null,
            "type": "CustomScript",
            "type_handler_version": "2.0",
            "virtual_machine_id": "/subscriptions/f9bf6f1c-3e96-4c71-870b-74211270087e/resourceGroups/nuwm-cloud/providers/Microsoft.Compute/virtualMachines/management"
          },
          "sensitive_attributes": [],
          "private": "eyJlMmJmYjczMC1lY2FhLTExZTYtOGY4OC0zNDM2M2JjN2M0YzAiOnsiY3JlYXRlIjoxODAwMDAwMDAwMDAwLCJkZWxldGUiOjE4MDAwMDAwMDAwMDAsInJlYWQiOjMwMDAwMDAwMDAwMCwidXBkYXRlIjoxODAwMDAwMDAwMDAwfX0=",
          "dependencies": [
            "azurerm_linux_virtual_machine.management",
            "azurerm_network_interface.vm-net-interface-pub",
            "azurerm_public_ip.vm-public",
            "azurerm_resource_group.nuwm-cloud",
            "azurerm_subnet.vm-subnet",
            "azurerm_virtual_network.nuwm-cloud"
          ]
        }
      ]
    },
    {
      "mode": "managed",
      "type": "azurerm_virtual_network",
      "name": "nuwm-cloud",
      "provider": "provider[\"registry.terraform.io/hashicorp/azurerm\"]",
      "instances": [
        {
          "schema_version": 0,
          "attributes": {
            "address_space": [
              "10.0.0.0/16"
            ],
            "bgp_community": "",
            "ddos_protection_plan": [],
            "dns_servers": [],
            "edge_zone": "",
            "flow_timeout_in_minutes": 0,
            "guid": "1c3b7011-d127-45f7-a855-ae8f45807bd6",
            "id": "/subscriptions/f9bf6f1c-3e96-4c71-870b-74211270087e/resourceGroups/nuwm-cloud/providers/Microsoft.Network/virtualNetworks/nuwm-network",
            "location": "australiacentral",
            "name": "nuwm-network",
            "resource_group_name": "nuwm-cloud",
            "subnet": [
              {
                "address_prefix": "10.0.1.0/24",
                "id": "/subscriptions/f9bf6f1c-3e96-4c71-870b-74211270087e/resourceGroups/nuwm-cloud/providers/Microsoft.Network/virtualNetworks/nuwm-network/subnets/vm-subnet",
                "name": "vm-subnet",
                "security_group": ""
              }
            ],
            "tags": {},
            "timeouts": null
          },
          "sensitive_attributes": [],
          "private": "eyJlMmJmYjczMC1lY2FhLTExZTYtOGY4OC0zNDM2M2JjN2M0YzAiOnsiY3JlYXRlIjoxODAwMDAwMDAwMDAwLCJkZWxldGUiOjE4MDAwMDAwMDAwMDAsInJlYWQiOjMwMDAwMDAwMDAwMCwidXBkYXRlIjoxODAwMDAwMDAwMDAwfX0=",
          "dependencies": [
            "azurerm_resource_group.nuwm-cloud"
          ]
        }
      ]
    },
    {
      "mode": "managed",
      "type": "local_file",
      "name": "ansible_inventory",
      "provider": "provider[\"registry.terraform.io/hashicorp/local\"]",
      "instances": [
        {
          "schema_version": 0,
          "attributes": {
            "content": "[savers_app_servers]\r\n10.0.1.7\r\n\r\n[sensors_app_servers]\r\n10.0.1.6\r\n10.0.1.4\r\n",
            "content_base64": null,
            "directory_permission": "0777",
            "file_permission": "0777",
            "filename": "../ansible/inventory",
            "id": "c028018af72be26d5a1158e777e52bee6a9bec22",
            "sensitive_content": null,
            "source": null
          },
          "sensitive_attributes": [],
          "private": "bnVsbA==",
          "dependencies": [
            "azurerm_network_interface.saver-net-interface",
            "azurerm_network_interface.sensor-net-interface",
            "azurerm_resource_group.nuwm-cloud",
            "azurerm_subnet.vm-subnet",
            "azurerm_virtual_network.nuwm-cloud"
          ]
        }
      ]
    },
    {
      "mode": "managed",
      "type": "local_file",
      "name": "saver-env",
      "provider": "provider[\"registry.terraform.io/hashicorp/local\"]",
      "instances": [
        {
          "schema_version": 0,
          "attributes": {
            "content": "SERVER_PORT=80\r\nUSERNAME=nuwm-bd-student\r\nPASSWORD=siaeXNBBPTU7oMA3un6rax5dOetnXhdgPl9oLjW0TwfXp5NboXS2UsZE0y7vmUDB0QQeaKEscdPDxxH98ZuBOw==\r\nCONTACT_POINT=nuwm-bd-student.cassandra.cosmos.azure.com\r\nDB_PORT=10350",
            "content_base64": null,
            "directory_permission": "0777",
            "file_permission": "0777",
            "filename": "../ansible/files/.saver_env",
            "id": "587de04e90936b150b9bb3c5f133bd1c7b69992e",
            "sensitive_content": null,
            "source": null
          },
          "sensitive_attributes": [
            [
              {
                "type": "get_attr",
                "value": "content"
              }
            ]
          ],
          "private": "bnVsbA==",
          "dependencies": [
            "azurerm_cosmosdb_account.db",
            "azurerm_resource_group.nuwm-cloud",
            "azurerm_subnet.vm-subnet"
          ]
        }
      ]
    },
    {
      "mode": "managed",
      "type": "local_file",
      "name": "sensor-env",
      "provider": "provider[\"registry.terraform.io/hashicorp/local\"]",
      "instances": [
        {
          "schema_version": 0,
          "attributes": {
            "content": "VARIANT=10\r\nSAVE_DATA_URL=http://20.213.243.170/save",
            "content_base64": null,
            "directory_permission": "0777",
            "file_permission": "0777",
            "filename": "../ansible/files/.sensor_env",
            "id": "8e13dd5b42ce6a565363de0488105ffe69df3f5b",
            "sensitive_content": null,
            "source": null
          },
          "sensitive_attributes": [],
          "private": "bnVsbA==",
          "dependencies": [
            "azurerm_public_ip.lb-public",
            "azurerm_resource_group.nuwm-cloud"
          ]
        }
      ]
    }
  ]
}
